
Microsoft Visual Studio Solution File, Format Version 12.00
# Visual Studio Version 16
VisualStudioVersion = 16.0.31424.327
MinimumVisualStudioVersion = 10.0.40219.1
Project("{FAE04EC0-301F-11D3-BF4B-00C04F79EFBC}") = "TODOAPP", "TODOAPP\TODOAPP.csproj", "{1BF99D6E-9661-474C-AE6A-7D59D06F3D08}"
EndProject
Global
	GlobalSection(SolutionConfigurationPlatforms) = preSolution
		Debug|Any CPU = Debug|Any CPU
		Release|Any CPU = Release|Any CPU
	EndGlobalSection
	GlobalSection(ProjectConfigurationPlatforms) = postSolution
		{1BF99D6E-9661-474C-AE6A-7D59D06F3D08}.Debug|Any CPU.ActiveCfg = Debug|Any CPU
		{1BF99D6E-9661-474C-AE6A-7D59D06F3D08}.Debug|Any CPU.Build.0 = Debug|Any CPU
		{1BF99D6E-9661-474C-AE6A-7D59D06F3D08}.Release|Any CPU.ActiveCfg = Release|Any CPU
		{1BF99D6E-9661-474C-AE6A-7D59D06F3D08}.Release|Any CPU.Build.0 = Release|Any CPU
	EndGlobalSection
	GlobalSection(SolutionProperties) = preSolution
		HideSolutionNode = FALSE
	EndGlobalSection
	GlobalSection(ExtensibilityGlobals) = postSolution
		SolutionGuid = {FE3DB6CE-D4C4-4121-B5E6-541A86AD5189}
	EndGlobalSection
EndGlobal
